
Microsoft Visual Studio Solution File, Format Version 12.00
# Visual Studio Version 17
VisualStudioVersion = 17.3.32901.215
MinimumVisualStudioVersion = 10.0.40219.1
Project("{8BC9CEB8-8B4A-11D0-8D11-00A0C91BC942}") = "obs-replay", "obs-replay\obs-replay.vcxproj", "{12E336FE-F2D9-4494-8B9C-123876986CD6}"
EndProject
Project("{9A19103F-16F7-4668-BE54-9A1E7A4F7556}") = "Obs.Replay", "Obs.Replay\Obs.Replay.csproj", "{604D0A01-940E-467B-AA25-D7582B9E0B1C}"
EndProject
Global
	GlobalSection(SolutionConfigurationPlatforms) = preSolution
		Debug|Any CPU = Debug|Any CPU
		Debug|x64 = Debug|x64
		Debug|x86 = Debug|x86
		Release|Any CPU = Release|Any CPU
		Release|x64 = Release|x64
		Release|x86 = Release|x86
	EndGlobalSection
	GlobalSection(ProjectConfigurationPlatforms) = postSolution
		{12E336FE-F2D9-4494-8B9C-123876986CD6}.Debug|Any CPU.ActiveCfg = Debug|x64
		{12E336FE-F2D9-4494-8B9C-123876986CD6}.Debug|Any CPU.Build.0 = Debug|x64
		{12E336FE-F2D9-4494-8B9C-123876986CD6}.Debug|x64.ActiveCfg = Debug|x64
		{12E336FE-F2D9-4494-8B9C-123876986CD6}.Debug|x64.Build.0 = Debug|x64
		{12E336FE-F2D9-4494-8B9C-123876986CD6}.Debug|x86.ActiveCfg = Debug|Win32
		{12E336FE-F2D9-4494-8B9C-123876986CD6}.Debug|x86.Build.0 = Debug|Win32
		{12E336FE-F2D9-4494-8B9C-123876986CD6}.Release|Any CPU.ActiveCfg = Release|x64
		{12E336FE-F2D9-4494-8B9C-123876986CD6}.Release|Any CPU.Build.0 = Release|x64
		{12E336FE-F2D9-4494-8B9C-123876986CD6}.Release|x64.ActiveCfg = Release|x64
		{12E336FE-F2D9-4494-8B9C-123876986CD6}.Release|x64.Build.0 = Release|x64
		{12E336FE-F2D9-4494-8B9C-123876986CD6}.Release|x86.ActiveCfg = Release|Win32
		{12E336FE-F2D9-4494-8B9C-123876986CD6}.Release|x86.Build.0 = Release|Win32
		{604D0A01-940E-467B-AA25-D7582B9E0B1C}.Debug|Any CPU.ActiveCfg = Debug|Any CPU
		{604D0A01-940E-467B-AA25-D7582B9E0B1C}.Debug|Any CPU.Build.0 = Debug|Any CPU
		{604D0A01-940E-467B-AA25-D7582B9E0B1C}.Debug|x64.ActiveCfg = Debug|Any CPU
		{604D0A01-940E-467B-AA25-D7582B9E0B1C}.Debug|x64.Build.0 = Debug|Any CPU
		{604D0A01-940E-467B-AA25-D7582B9E0B1C}.Debug|x86.ActiveCfg = Debug|Any CPU
		{604D0A01-940E-467B-AA25-D7582B9E0B1C}.Debug|x86.Build.0 = Debug|Any CPU
		{604D0A01-940E-467B-AA25-D7582B9E0B1C}.Release|Any CPU.ActiveCfg = Release|Any CPU
		{604D0A01-940E-467B-AA25-D7582B9E0B1C}.Release|Any CPU.Build.0 = Release|Any CPU
		{604D0A01-940E-467B-AA25-D7582B9E0B1C}.Release|x64.ActiveCfg = Release|Any CPU
		{604D0A01-940E-467B-AA25-D7582B9E0B1C}.Release|x64.Build.0 = Release|Any CPU
		{604D0A01-940E-467B-AA25-D7582B9E0B1C}.Release|x86.ActiveCfg = Release|Any CPU
		{604D0A01-940E-467B-AA25-D7582B9E0B1C}.Release|x86.Build.0 = Release|Any CPU
	EndGlobalSection
	GlobalSection(SolutionProperties) = preSolution
		HideSolutionNode = FALSE
	EndGlobalSection
	GlobalSection(ExtensibilityGlobals) = postSolution
		SolutionGuid = {A3B6891D-80F7-4064-87DC-76168DC2E4F7}
	EndGlobalSection
EndGlobal
